
Microsoft Visual Studio Solution File, Format Version 12.00
# Visual Studio 15
VisualStudioVersion = 15.0.26730.15
MinimumVisualStudioVersion = 10.0.40219.1
Project("{FAE04EC0-301F-11D3-BF4B-00C04F79EFBC}") = "CrypKey", "CrypKeyWPF\CrypKey.csproj", "{AB3C373E-5C5B-41F9-9EA7-22F62BB3F85E}"
EndProject
Global
	GlobalSection(SolutionConfigurationPlatforms) = preSolution
		Debug|Any CPU = Debug|Any CPU
		Release|Any CPU = Release|Any CPU
	EndGlobalSection
	GlobalSection(ProjectConfigurationPlatforms) = postSolution
		{AB3C373E-5C5B-41F9-9EA7-22F62BB3F85E}.Debug|Any CPU.ActiveCfg = Debug|Any CPU
		{AB3C373E-5C5B-41F9-9EA7-22F62BB3F85E}.Debug|Any CPU.Build.0 = Debug|Any CPU
		{AB3C373E-5C5B-41F9-9EA7-22F62BB3F85E}.Release|Any CPU.ActiveCfg = Release|Any CPU
		{AB3C373E-5C5B-41F9-9EA7-22F62BB3F85E}.Release|Any CPU.Build.0 = Release|Any CPU
	EndGlobalSection
	GlobalSection(SolutionProperties) = preSolution
		HideSolutionNode = FALSE
	EndGlobalSection
	GlobalSection(ExtensibilityGlobals) = postSolution
		SolutionGuid = {F89BE100-346B-48CB-9827-1D8654B561C2}
	EndGlobalSection
EndGlobal
